// !$*UTF8*$!
{
	archiveVersion = 1;
	classes = {
	};
	objectVersion = 48;
	objects = {

/* Begin PBXBuildFile section */
		9BFC16DA4D7B657FEE8C28CA /* Pods_MapDemo.framework in Frameworks */ = {isa = PBXBuildFile; fileRef = 50D697FA8E1B11E3407F82DC /* Pods_MapDemo.framework */; settings = {ATTRIBUTES = (Required, ); }; };
		D802740E2068F4020089DA5F /* icomoon.ttf in Resources */ = {isa = PBXBuildFile; fileRef = D802740D2068F4020089DA5F /* icomoon.ttf */; };
		D862CA60205FBA6000BAC62A /* AppDelegate.swift in Sources */ = {isa = PBXBuildFile; fileRef = D862CA5F205FBA6000BAC62A /* AppDelegate.swift */; };
		D862CA65205FBA6000BAC62A /* Main.storyboard in Resources */ = {isa = PBXBuildFile; fileRef = D862CA63205FBA6000BAC62A /* Main.storyboard */; };
		D862CA67205FBA6000BAC62A /* Assets.xcassets in Resources */ = {isa = PBXBuildFile; fileRef = D862CA66205FBA6000BAC62A /* Assets.xcassets */; };
		D862CA6A205FBA6000BAC62A /* LaunchScreen.storyboard in Resources */ = {isa = PBXBuildFile; fileRef = D862CA68205FBA6000BAC62A /* LaunchScreen.storyboard */; };
		D862CA72205FBA8A00BAC62A /* MapViewController.swift in Sources */ = {isa = PBXBuildFile; fileRef = D862CA71205FBA8A00BAC62A /* MapViewController.swift */; };
		D87D80B8206CC79800CEE5FC /* PickerCell.swift in Sources */ = {isa = PBXBuildFile; fileRef = D87D80B6206CC79800CEE5FC /* PickerCell.swift */; };
		D87D80B9206CC79800CEE5FC /* PickerCell.xib in Resources */ = {isa = PBXBuildFile; fileRef = D87D80B7206CC79800CEE5FC /* PickerCell.xib */; };
		D8903CF3206A3F2E001E8423 /* NearByPlacesDetail.swift in Sources */ = {isa = PBXBuildFile; fileRef = D8903CF2206A3F2E001E8423 /* NearByPlacesDetail.swift */; };
		D890AA3C206B603B00B3C47B /* PlacesPickerModule.swift in Sources */ = {isa = PBXBuildFile; fileRef = D890AA3B206B603B00B3C47B /* PlacesPickerModule.swift */; };
		D8A6623D2061119E000F7EAD /* MapTasks.swift in Sources */ = {isa = PBXBuildFile; fileRef = D8A6623C2061119E000F7EAD /* MapTasks.swift */; };
		D8FD2E6A20690F51001ECCDC /* NearByPlacesModule.swift in Sources */ = {isa = PBXBuildFile; fileRef = D8FD2E6920690F51001ECCDC /* NearByPlacesModule.swift */; };
		D8FD2E6C206914A6001ECCDC /* NearByPlacesCell.swift in Sources */ = {isa = PBXBuildFile; fileRef = D8FD2E6B206914A6001ECCDC /* NearByPlacesCell.swift */; };
/* End PBXBuildFile section */

/* Begin PBXFileReference section */
		1AA624F4C06A805856AD5661 /* Pods-MapDemo.release.xcconfig */ = {isa = PBXFileReference; includeInIndex = 1; lastKnownFileType = text.xcconfig; name = "Pods-MapDemo.release.xcconfig"; path = "Pods/Target Support Files/Pods-MapDemo/Pods-MapDemo.release.xcconfig"; sourceTree = "<group>"; };
		50D697FA8E1B11E3407F82DC /* Pods_MapDemo.framework */ = {isa = PBXFileReference; explicitFileType = wrapper.framework; includeInIndex = 0; path = Pods_MapDemo.framework; sourceTree = BUILT_PRODUCTS_DIR; };
		D206CDE3EE551014ECED63C3 /* Pods-MapDemo.debug.xcconfig */ = {isa = PBXFileReference; includeInIndex = 1; lastKnownFileType = text.xcconfig; name = "Pods-MapDemo.debug.xcconfig"; path = "Pods/Target Support Files/Pods-MapDemo/Pods-MapDemo.debug.xcconfig"; sourceTree = "<group>"; };
		D802740D2068F4020089DA5F /* icomoon.ttf */ = {isa = PBXFileReference; lastKnownFileType = file; path = icomoon.ttf; sourceTree = "<group>"; };
		D862CA5C205FBA6000BAC62A /* MapDemo.app */ = {isa = PBXFileReference; explicitFileType = wrapper.application; includeInIndex = 0; path = MapDemo.app; sourceTree = BUILT_PRODUCTS_DIR; };
		D862CA5F205FBA6000BAC62A /* AppDelegate.swift */ = {isa = PBXFileReference; lastKnownFileType = sourcecode.swift; path = AppDelegate.swift; sourceTree = "<group>"; };
		D862CA64205FBA6000BAC62A /* Base */ = {isa = PBXFileReference; lastKnownFileType = file.storyboard; name = Base; path = Base.lproj/Main.storyboard; sourceTree = "<group>"; };
		D862CA66205FBA6000BAC62A /* Assets.xcassets */ = {isa = PBXFileReference; lastKnownFileType = folder.assetcatalog; path = Assets.xcassets; sourceTree = "<group>"; };
		D862CA69205FBA6000BAC62A /* Base */ = {isa = PBXFileReference; lastKnownFileType = file.storyboard; name = Base; path = Base.lproj/LaunchScreen.storyboard; sourceTree = "<group>"; };
		D862CA6B205FBA6000BAC62A /* Info.plist */ = {isa = PBXFileReference; lastKnownFileType = text.plist.xml; path = Info.plist; sourceTree = "<group>"; };
		D862CA71205FBA8A00BAC62A /* MapViewController.swift */ = {isa = PBXFileReference; lastKnownFileType = sourcecode.swift; path = MapViewController.swift; sourceTree = "<group>"; };
		D87D80B6206CC79800CEE5FC /* PickerCell.swift */ = {isa = PBXFileReference; lastKnownFileType = sourcecode.swift; path = PickerCell.swift; sourceTree = "<group>"; };
		D87D80B7206CC79800CEE5FC /* PickerCell.xib */ = {isa = PBXFileReference; lastKnownFileType = file.xib; path = PickerCell.xib; sourceTree = "<group>"; };
		D8903CF2206A3F2E001E8423 /* NearByPlacesDetail.swift */ = {isa = PBXFileReference; lastKnownFileType = sourcecode.swift; path = NearByPlacesDetail.swift; sourceTree = "<group>"; };
		D890AA3B206B603B00B3C47B /* PlacesPickerModule.swift */ = {isa = PBXFileReference; lastKnownFileType = sourcecode.swift; path = PlacesPickerModule.swift; sourceTree = "<group>"; };
		D8A6623C2061119E000F7EAD /* MapTasks.swift */ = {isa = PBXFileReference; lastKnownFileType = sourcecode.swift; path = MapTasks.swift; sourceTree = "<group>"; };
		D8FD2E6920690F51001ECCDC /* NearByPlacesModule.swift */ = {isa = PBXFileReference; lastKnownFileType = sourcecode.swift; path = NearByPlacesModule.swift; sourceTree = "<group>"; };
		D8FD2E6B206914A6001ECCDC /* NearByPlacesCell.swift */ = {isa = PBXFileReference; lastKnownFileType = sourcecode.swift; path = NearByPlacesCell.swift; sourceTree = "<group>"; };
/* End PBXFileReference section */

/* Begin PBXFrameworksBuildPhase section */
		D862CA59205FBA6000BAC62A /* Frameworks */ = {
			isa = PBXFrameworksBuildPhase;
			buildActionMask = 2147483647;
			files = (
				9BFC16DA4D7B657FEE8C28CA /* Pods_MapDemo.framework in Frameworks */,
			);
			runOnlyForDeploymentPostprocessing = 0;
		};
/* End PBXFrameworksBuildPhase section */

/* Begin PBXGroup section */
		408063FEEAFE8CB45B5B0486 /* Pods */ = {
			isa = PBXGroup;
			children = (
				D206CDE3EE551014ECED63C3 /* Pods-MapDemo.debug.xcconfig */,
				1AA624F4C06A805856AD5661 /* Pods-MapDemo.release.xcconfig */,
			);
			name = Pods;
			sourceTree = "<group>";
		};
		D862CA53205FBA5F00BAC62A = {
			isa = PBXGroup;
			children = (
				D862CA5E205FBA6000BAC62A /* MapDemo */,
				D862CA5D205FBA6000BAC62A /* Products */,
				408063FEEAFE8CB45B5B0486 /* Pods */,
				FDACFC0FC979529674AB502F /* Frameworks */,
			);
			sourceTree = "<group>";
		};
		D862CA5D205FBA6000BAC62A /* Products */ = {
			isa = PBXGroup;
			children = (
				D862CA5C205FBA6000BAC62A /* MapDemo.app */,
			);
			name = Products;
			sourceTree = "<group>";
		};
		D862CA5E205FBA6000BAC62A /* MapDemo */ = {
			isa = PBXGroup;
			children = (
				D862CA5F205FBA6000BAC62A /* AppDelegate.swift */,
				D862CA71205FBA8A00BAC62A /* MapViewController.swift */,
				D8FD2E6920690F51001ECCDC /* NearByPlacesModule.swift */,
				D8FD2E6B206914A6001ECCDC /* NearByPlacesCell.swift */,
				D8903CF2206A3F2E001E8423 /* NearByPlacesDetail.swift */,
				D890AA3B206B603B00B3C47B /* PlacesPickerModule.swift */,
				D8A6623C2061119E000F7EAD /* MapTasks.swift */,
				D87D80B6206CC79800CEE5FC /* PickerCell.swift */,
				D87D80B7206CC79800CEE5FC /* PickerCell.xib */,
				D802740D2068F4020089DA5F /* icomoon.ttf */,
				D862CA63205FBA6000BAC62A /* Main.storyboard */,
				D862CA66205FBA6000BAC62A /* Assets.xcassets */,
				D862CA68205FBA6000BAC62A /* LaunchScreen.storyboard */,
				D862CA6B205FBA6000BAC62A /* Info.plist */,
			);
			path = MapDemo;
			sourceTree = "<group>";
		};
		FDACFC0FC979529674AB502F /* Frameworks */ = {
			isa = PBXGroup;
			children = (
				50D697FA8E1B11E3407F82DC /* Pods_MapDemo.framework */,
			);
			name = Frameworks;
			sourceTree = "<group>";
		};
/* End PBXGroup section */

/* Begin PBXNativeTarget section */
		D862CA5B205FBA6000BAC62A /* MapDemo */ = {
			isa = PBXNativeTarget;
			buildConfigurationList = D862CA6E205FBA6000BAC62A /* Build configuration list for PBXNativeTarget "MapDemo" */;
			buildPhases = (
				63984BDA69AC973B01F8DE13 /* [CP] Check Pods Manifest.lock */,
				D862CA58205FBA6000BAC62A /* Sources */,
				D862CA59205FBA6000BAC62A /* Frameworks */,
				D862CA5A205FBA6000BAC62A /* Resources */,
				909094F57179ADD61B41C41D /* [CP] Embed Pods Frameworks */,
				603A307BDC6CC89C10CADA6A /* [CP] Copy Pods Resources */,
			);
			buildRules = (
			);
			dependencies = (
			);
			name = MapDemo;
			productName = MapDemo;
			productReference = D862CA5C205FBA6000BAC62A /* MapDemo.app */;
			productType = "com.apple.product-type.application";
		};
/* End PBXNativeTarget section */

/* Begin PBXProject section */
		D862CA54205FBA5F00BAC62A /* Project object */ = {
			isa = PBXProject;
			attributes = {
				LastSwiftUpdateCheck = 0920;
				LastUpgradeCheck = 0920;
				ORGANIZATIONNAME = Tejaswini;
				TargetAttributes = {
					D862CA5B205FBA6000BAC62A = {
						CreatedOnToolsVersion = 9.2;
						ProvisioningStyle = Automatic;
					};
				};
			};
			buildConfigurationList = D862CA57205FBA5F00BAC62A /* Build configuration list for PBXProject "MapDemo" */;
			compatibilityVersion = "Xcode 8.0";
			developmentRegion = en;
			hasScannedForEncodings = 0;
			knownRegions = (
				en,
				Base,
			);
			mainGroup = D862CA53205FBA5F00BAC62A;
			productRefGroup = D862CA5D205FBA6000BAC62A /* Products */;
			projectDirPath = "";
			projectRoot = "";
			targets = (
				D862CA5B205FBA6000BAC62A /* MapDemo */,
			);
		};
/* End PBXProject section */

/* Begin PBXResourcesBuildPhase section */
		D862CA5A205FBA6000BAC62A /* Resources */ = {
			isa = PBXResourcesBuildPhase;
			buildActionMask = 2147483647;
			files = (
				D862CA6A205FBA6000BAC62A /* LaunchScreen.storyboard in Resources */,
				D862CA67205FBA6000BAC62A /* Assets.xcassets in Resources */,
				D862CA65205FBA6000BAC62A /* Main.storyboard in Resources */,
				D802740E2068F4020089DA5F /* icomoon.ttf in Resources */,
				D87D80B9206CC79800CEE5FC /* PickerCell.xib in Resources */,
			);
			runOnlyForDeploymentPostprocessing = 0;
		};
/* End PBXResourcesBuildPhase section */

/* Begin PBXShellScriptBuildPhase section */
		603A307BDC6CC89C10CADA6A /* [CP] Copy Pods Resources */ = {
			isa = PBXShellScriptBuildPhase;
			buildActionMask = 2147483647;
			files = (
			);
			inputPaths = (
				"${SRCROOT}/Pods/Target Support Files/Pods-MapDemo/Pods-MapDemo-resources.sh",
				"${PODS_ROOT}/GoogleMaps/Maps/Frameworks/GoogleMaps.framework/Resources/GoogleMaps.bundle",
				"${PODS_ROOT}/GooglePlacePicker/Frameworks/GooglePlacePicker.framework/Resources/GooglePlacePicker.bundle",
				"${PODS_ROOT}/GooglePlaces/Frameworks/GooglePlaces.framework/Resources/GooglePlaces.bundle",
			);
			name = "[CP] Copy Pods Resources";
			outputPaths = (
				"${TARGET_BUILD_DIR}/${UNLOCALIZED_RESOURCES_FOLDER_PATH}",
			);
			runOnlyForDeploymentPostprocessing = 0;
			shellPath = /bin/sh;
			shellScript = "\"${SRCROOT}/Pods/Target Support Files/Pods-MapDemo/Pods-MapDemo-resources.sh\"\n";
			showEnvVarsInLog = 0;
		};
		63984BDA69AC973B01F8DE13 /* [CP] Check Pods Manifest.lock */ = {
			isa = PBXShellScriptBuildPhase;
			buildActionMask = 2147483647;
			files = (
			);
			inputPaths = (
				"${PODS_PODFILE_DIR_PATH}/Podfile.lock",
				"${PODS_ROOT}/Manifest.lock",
			);
			name = "[CP] Check Pods Manifest.lock";
			outputPaths = (
				"$(DERIVED_FILE_DIR)/Pods-MapDemo-checkManifestLockResult.txt",
			);
			runOnlyForDeploymentPostprocessing = 0;
			shellPath = /bin/sh;
			shellScript = "diff \"${PODS_PODFILE_DIR_PATH}/Podfile.lock\" \"${PODS_ROOT}/Manifest.lock\" > /dev/null\nif [ $? != 0 ] ; then\n    # print error to STDERR\n    echo \"error: The sandbox is not in sync with the Podfile.lock. Run 'pod install' or update your CocoaPods installation.\" >&2\n    exit 1\nfi\n# This output is used by Xcode 'outputs' to avoid re-running this script phase.\necho \"SUCCESS\" > \"${SCRIPT_OUTPUT_FILE_0}\"\n";
			showEnvVarsInLog = 0;
		};
		909094F57179ADD61B41C41D /* [CP] Embed Pods Frameworks */ = {
			isa = PBXShellScriptBuildPhase;
			buildActionMask = 2147483647;
			files = (
			);
			inputPaths = (
				"${SRCROOT}/Pods/Target Support Files/Pods-MapDemo/Pods-MapDemo-frameworks.sh",
				"${BUILT_PRODUCTS_DIR}/Alamofire/Alamofire.framework",
			);
			name = "[CP] Embed Pods Frameworks";
			outputPaths = (
				"${TARGET_BUILD_DIR}/${FRAMEWORKS_FOLDER_PATH}/Alamofire.framework",
			);
			runOnlyForDeploymentPostprocessing = 0;
			shellPath = /bin/sh;
			shellScript = "\"${SRCROOT}/Pods/Target Support Files/Pods-MapDemo/Pods-MapDemo-frameworks.sh\"\n";
			showEnvVarsInLog = 0;
		};
/* End PBXShellScriptBuildPhase section */

/* Begin PBXSourcesBuildPhase section */
		D862CA58205FBA6000BAC62A /* Sources */ = {
			isa = PBXSourcesBuildPhase;
			buildActionMask = 2147483647;
			files = (
				D890AA3C206B603B00B3C47B /* PlacesPickerModule.swift in Sources */,
				D87D80B8206CC79800CEE5FC /* PickerCell.swift in Sources */,
				D8A6623D2061119E000F7EAD /* MapTasks.swift in Sources */,
				D862CA60205FBA6000BAC62A /* AppDelegate.swift in Sources */,
				D8FD2E6C206914A6001ECCDC /* NearByPlacesCell.swift in Sources */,
				D8903CF3206A3F2E001E8423 /* NearByPlacesDetail.swift in Sources */,
				D8FD2E6A20690F51001ECCDC /* NearByPlacesModule.swift in Sources */,
				D862CA72205FBA8A00BAC62A /* MapViewController.swift in Sources */,
			);
			runOnlyForDeploymentPostprocessing = 0;
		};
/* End PBXSourcesBuildPhase section */

/* Begin PBXVariantGroup section */
		D862CA63205FBA6000BAC62A /* Main.storyboard */ = {
			isa = PBXVariantGroup;
			children = (
				D862CA64205FBA6000BAC62A /* Base */,
			);
			name = Main.storyboard;
			sourceTree = "<group>";
		};
		D862CA68205FBA6000BAC62A /* LaunchScreen.storyboard */ = {
			isa = PBXVariantGroup;
			children = (
				D862CA69205FBA6000BAC62A /* Base */,
			);
			name = LaunchScreen.storyboard;
			sourceTree = "<group>";
		};
/* End PBXVariantGroup section */

/* Begin XCBuildConfiguration section */
		D862CA6C205FBA6000BAC62A /* Debug */ = {
			isa = XCBuildConfiguration;
			buildSettings = {
				ALWAYS_SEARCH_USER_PATHS = NO;
				CLANG_ANALYZER_NONNULL = YES;
				CLANG_ANALYZER_NUMBER_OBJECT_CONVERSION = YES_AGGRESSIVE;
				CLANG_CXX_LANGUAGE_STANDARD = "gnu++14";
				CLANG_CXX_LIBRARY = "libc++";
				CLANG_ENABLE_MODULES = YES;
				CLANG_ENABLE_OBJC_ARC = YES;
				CLANG_WARN_BLOCK_CAPTURE_AUTORELEASING = YES;
				CLANG_WARN_BOOL_CONVERSION = YES;
				CLANG_WARN_COMMA = YES;
				CLANG_WARN_CONSTANT_CONVERSION = YES;
				CLANG_WARN_DIRECT_OBJC_ISA_USAGE = YES_ERROR;
				CLANG_WARN_DOCUMENTATION_COMMENTS = YES;
				CLANG_WARN_EMPTY_BODY = YES;
				CLANG_WARN_ENUM_CONVERSION = YES;
				CLANG_WARN_INFINITE_RECURSION = YES;
				CLANG_WARN_INT_CONVERSION = YES;
				CLANG_WARN_NON_LITERAL_NULL_CONVERSION = YES;
				CLANG_WARN_OBJC_LITERAL_CONVERSION = YES;
				CLANG_WARN_OBJC_ROOT_CLASS = YES_ERROR;
				CLANG_WARN_RANGE_LOOP_ANALYSIS = YES;
				CLANG_WARN_STRICT_PROTOTYPES = YES;
				CLANG_WARN_SUSPICIOUS_MOVE = YES;
				CLANG_WARN_UNGUARDED_AVAILABILITY = YES_AGGRESSIVE;
				CLANG_WARN_UNREACHABLE_CODE = YES;
				CLANG_WARN__DUPLICATE_METHOD_MATCH = YES;
				CODE_SIGN_IDENTITY = "iPhone Developer";
				COPY_PHASE_STRIP = NO;
				DEBUG_INFORMATION_FORMAT = dwarf;
				ENABLE_STRICT_OBJC_MSGSEND = YES;
				ENABLE_TESTABILITY = YES;
				GCC_C_LANGUAGE_STANDARD = gnu11;
				GCC_DYNAMIC_NO_PIC = NO;
				GCC_NO_COMMON_BLOCKS = YES;
				GCC_OPTIMIZATION_LEVEL = 0;
				GCC_PREPROCESSOR_DEFINITIONS = (
					"DEBUG=1",
					"$(inherited)",
				);
				GCC_WARN_64_TO_32_BIT_CONVERSION = YES;
				GCC_WARN_ABOUT_RETURN_TYPE = YES_ERROR;
				GCC_WARN_UNDECLARED_SELECTOR = YES;
				GCC_WARN_UNINITIALIZED_AUTOS = YES_AGGRESSIVE;
				GCC_WARN_UNUSED_FUNCTION = YES;
				GCC_WARN_UNUSED_VARIABLE = YES;
				IPHONEOS_DEPLOYMENT_TARGET = 11.2;
				MTL_ENABLE_DEBUG_INFO = YES;
				ONLY_ACTIVE_ARCH = YES;
				SDKROOT = iphoneos;
				SWIFT_ACTIVE_COMPILATION_CONDITIONS = DEBUG;
				SWIFT_OPTIMIZATION_LEVEL = "-Onone";
			};
			name = Debug;
		};
		D862CA6D205FBA6000BAC62A /* Release */ = {
			isa = XCBuildConfiguration;
			buildSettings = {
				ALWAYS_SEARCH_USER_PATHS = NO;
				CLANG_ANALYZER_NONNULL = YES;
				CLANG_ANALYZER_NUMBER_OBJECT_CONVERSION = YES_AGGRESSIVE;
				CLANG_CXX_LANGUAGE_STANDARD = "gnu++14";
				CLANG_CXX_LIBRARY = "libc++";
				CLANG_ENABLE_MODULES = YES;
				CLANG_ENABLE_OBJC_ARC = YES;
				CLANG_WARN_BLOCK_CAPTURE_AUTORELEASING = YES;
				CLANG_WARN_BOOL_CONVERSION = YES;
				CLANG_WARN_COMMA = YES;
				CLANG_WARN_CONSTANT_CONVERSION = YES;
				CLANG_WARN_DIRECT_OBJC_ISA_USAGE = YES_ERROR;
				CLANG_WARN_DOCUMENTATION_COMMENTS = YES;
				CLANG_WARN_EMPTY_BODY = YES;
				CLANG_WARN_ENUM_CONVERSION = YES;
				CLANG_WARN_INFINITE_RECURSION = YES;
				CLANG_WARN_INT_CONVERSION = YES;
				CLANG_WARN_NON_LITERAL_NULL_CONVERSION = YES;
				CLANG_WARN_OBJC_LITERAL_CONVERSION = YES;
				CLANG_WARN_OBJC_ROOT_CLASS = YES_ERROR;
				CLANG_WARN_RANGE_LOOP_ANALYSIS = YES;
				CLANG_WARN_STRICT_PROTOTYPES = YES;
				CLANG_WARN_SUSPICIOUS_MOVE = YES;
				CLANG_WARN_UNGUARDED_AVAILABILITY = YES_AGGRESSIVE;
				CLANG_WARN_UNREACHABLE_CODE = YES;
				CLANG_WARN__DUPLICATE_METHOD_MATCH = YES;
				CODE_SIGN_IDENTITY = "iPhone Developer";
				COPY_PHASE_STRIP = NO;
				DEBUG_INFORMATION_FORMAT = "dwarf-with-dsym";
				ENABLE_NS_ASSERTIONS = NO;
				ENABLE_STRICT_OBJC_MSGSEND = YES;
				GCC_C_LANGUAGE_STANDARD = gnu11;
				GCC_NO_COMMON_BLOCKS = YES;
				GCC_WARN_64_TO_32_BIT_CONVERSION = YES;
				GCC_WARN_ABOUT_RETURN_TYPE = YES_ERROR;
				GCC_WARN_UNDECLARED_SELECTOR = YES;
				GCC_WARN_UNINITIALIZED_AUTOS = YES_AGGRESSIVE;
				GCC_WARN_UNUSED_FUNCTION = YES;
				GCC_WARN_UNUSED_VARIABLE = YES;
				IPHONEOS_DEPLOYMENT_TARGET = 11.2;
				MTL_ENABLE_DEBUG_INFO = NO;
				SDKROOT = iphoneos;
				SWIFT_OPTIMIZATION_LEVEL = "-Owholemodule";
				VALIDATE_PRODUCT = YES;
			};
			name = Release;
		};
		D862CA6F205FBA6000BAC62A /* Debug */ = {
			isa = XCBuildConfiguration;
			baseConfigurationReference = D206CDE3EE551014ECED63C3 /* Pods-MapDemo.debug.xcconfig */;
			buildSettings = {
				ASSETCATALOG_COMPILER_APPICON_NAME = AppIcon;
				CODE_SIGN_STYLE = Automatic;
				DEVELOPMENT_TEAM = U3M7K6Z7U8;
				INFOPLIST_FILE = MapDemo/Info.plist;
				IPHONEOS_DEPLOYMENT_TARGET = 9.0;
				LD_RUNPATH_SEARCH_PATHS = "$(inherited) @executable_path/Frameworks";
				PRODUCT_BUNDLE_IDENTIFIER = com.bits.MapDemo;
				PRODUCT_NAME = "$(TARGET_NAME)";
				SWIFT_VERSION = 4.0;
				TARGETED_DEVICE_FAMILY = "1,2";
			};
			name = Debug;
		};
		D862CA70205FBA6000BAC62A /* Release */ = {
			isa = XCBuildConfiguration;
			baseConfigurationReference = 1AA624F4C06A805856AD5661 /* Pods-MapDemo.release.xcconfig */;
			buildSettings = {
				ASSETCATALOG_COMPILER_APPICON_NAME = AppIcon;
				CODE_SIGN_STYLE = Automatic;
				DEVELOPMENT_TEAM = U3M7K6Z7U8;
				INFOPLIST_FILE = MapDemo/Info.plist;
				IPHONEOS_DEPLOYMENT_TARGET = 9.0;
				LD_RUNPATH_SEARCH_PATHS = "$(inherited) @executable_path/Frameworks";
				PRODUCT_BUNDLE_IDENTIFIER = com.bits.MapDemo;
				PRODUCT_NAME = "$(TARGET_NAME)";
				SWIFT_VERSION = 4.0;
				TARGETED_DEVICE_FAMILY = "1,2";
			};
			name = Release;
		};
/* End XCBuildConfiguration section */

/* Begin XCConfigurationList section */
		D862CA57205FBA5F00BAC62A /* Build configuration list for PBXProject "MapDemo" */ = {
			isa = XCConfigurationList;
			buildConfigurations = (
				D862CA6C205FBA6000BAC62A /* Debug */,
				D862CA6D205FBA6000BAC62A /* Release */,
			);
			defaultConfigurationIsVisible = 0;
			defaultConfigurationName = Release;
		};
		D862CA6E205FBA6000BAC62A /* Build configuration list for PBXNativeTarget "MapDemo" */ = {
			isa = XCConfigurationList;
			buildConfigurations = (
				D862CA6F205FBA6000BAC62A /* Debug */,
				D862CA70205FBA6000BAC62A /* Release */,
			);
			defaultConfigurationIsVisible = 0;
			defaultConfigurationName = Release;
		};
/* End XCConfigurationList section */
	};
	rootObject = D862CA54205FBA5F00BAC62A /* Project object */;
}
